
Microsoft Visual Studio Solution File, Format Version 12.00
# Visual Studio Version 16
VisualStudioVersion = 16.0.32929.386
MinimumVisualStudioVersion = 10.0.40219.1
Project("{8BC9CEB8-8B4A-11D0-8D11-00A0C91BC942}") = "1_2_First", "1_2_First\1_2_First.vcxproj", "{D3E7D346-355A-4D2C-8FB5-9DD414511832}"
EndProject
Global
	GlobalSection(SolutionConfigurationPlatforms) = preSolution
		Debug|x64 = Debug|x64
		Debug|x86 = Debug|x86
		Release|x64 = Release|x64
		Release|x86 = Release|x86
	EndGlobalSection
	GlobalSection(ProjectConfigurationPlatforms) = postSolution
		{D3E7D346-355A-4D2C-8FB5-9DD414511832}.Debug|x64.ActiveCfg = Debug|x64
		{D3E7D346-355A-4D2C-8FB5-9DD414511832}.Debug|x64.Build.0 = Debug|x64
		{D3E7D346-355A-4D2C-8FB5-9DD414511832}.Debug|x86.ActiveCfg = Debug|Win32
		{D3E7D346-355A-4D2C-8FB5-9DD414511832}.Debug|x86.Build.0 = Debug|Win32
		{D3E7D346-355A-4D2C-8FB5-9DD414511832}.Release|x64.ActiveCfg = Release|x64
		{D3E7D346-355A-4D2C-8FB5-9DD414511832}.Release|x64.Build.0 = Release|x64
		{D3E7D346-355A-4D2C-8FB5-9DD414511832}.Release|x86.ActiveCfg = Release|Win32
		{D3E7D346-355A-4D2C-8FB5-9DD414511832}.Release|x86.Build.0 = Release|Win32
	EndGlobalSection
	GlobalSection(SolutionProperties) = preSolution
		HideSolutionNode = FALSE
	EndGlobalSection
	GlobalSection(ExtensibilityGlobals) = postSolution
		SolutionGuid = {D4C9B6A4-D288-44F5-938D-BB5C41CC5E40}
	EndGlobalSection
EndGlobal
